// !$*UTF8*$!
{
	archiveVersion = 1;
	classes = {
	};
	objectVersion = 56;
	objects = {

/* Begin PBXBuildFile section */
		2B77E7C3298E0C760011CB0D /* consts.swift in Sources */ = {isa = PBXBuildFile; fileRef = 2B77E7C2298E0C760011CB0D /* consts.swift */; };
		690EAA572995D984006DFB18 /* StampView.swift in Sources */ = {isa = PBXBuildFile; fileRef = 690EAA562995D984006DFB18 /* StampView.swift */; };
		690EAA592995E017006DFB18 /* StampDetailsView.swift in Sources */ = {isa = PBXBuildFile; fileRef = 690EAA582995E017006DFB18 /* StampDetailsView.swift */; };
		690EAA5B2995E0F3006DFB18 /* NewStampView.swift in Sources */ = {isa = PBXBuildFile; fileRef = 690EAA5A2995E0F3006DFB18 /* NewStampView.swift */; };
		690EAA5D2995E186006DFB18 /* WalletView.swift in Sources */ = {isa = PBXBuildFile; fileRef = 690EAA5C2995E186006DFB18 /* WalletView.swift */; };
		692A112D2998B62900587B55 /* SettingView.swift in Sources */ = {isa = PBXBuildFile; fileRef = 692A112C2998B62900587B55 /* SettingView.swift */; };
		692A112F2998C8AA00587B55 /* ServerView.swift in Sources */ = {isa = PBXBuildFile; fileRef = 692A112E2998C8AA00587B55 /* ServerView.swift */; };
		694F67EF298CE24900868874 /* Utils.swift in Sources */ = {isa = PBXBuildFile; fileRef = 694F67EE298CE24900868874 /* Utils.swift */; };
		694F67F1298D09C200868874 /* SwiftyJSON.xcframework in Frameworks */ = {isa = PBXBuildFile; fileRef = 694F67F0298D09C200868874 /* SwiftyJSON.xcframework */; };
		694F67F2298D09C200868874 /* SwiftyJSON.xcframework in Embed Frameworks */ = {isa = PBXBuildFile; fileRef = 694F67F0298D09C200868874 /* SwiftyJSON.xcframework */; settings = {ATTRIBUTES = (CodeSignOnCopy, RemoveHeadersOnCopy, ); }; };
		694F67F5298D224900868874 /* Wallet.swift in Sources */ = {isa = PBXBuildFile; fileRef = 694F67F4298D224900868874 /* Wallet.swift */; };
		695D25392993767300085157 /* EmailAccountView.swift in Sources */ = {isa = PBXBuildFile; fileRef = 695D25382993767300085157 /* EmailAccountView.swift */; };
		695D253B2993835D00085157 /* ModifyEmailAccountView.swift in Sources */ = {isa = PBXBuildFile; fileRef = 695D253A2993835D00085157 /* ModifyEmailAccountView.swift */; };
		695FCC842999B86C00A29E52 /* MainScene.swift in Sources */ = {isa = PBXBuildFile; fileRef = 695FCC832999B86C00A29E52 /* MainScene.swift */; };
		695FCC862999E5E100A29E52 /* WalletManagerView.swift in Sources */ = {isa = PBXBuildFile; fileRef = 695FCC852999E5E100A29E52 /* WalletManagerView.swift */; };
		696D888C298F900A007B5A59 /* ImportWalletView.swift in Sources */ = {isa = PBXBuildFile; fileRef = 696D888B298F900A007B5A59 /* ImportWalletView.swift */; };
		696D888E298FB5A6007B5A59 /* AdvanceScene.swift in Sources */ = {isa = PBXBuildFile; fileRef = 696D888D298FB5A6007B5A59 /* AdvanceScene.swift */; };
		696D8890298FBB7A007B5A59 /* Stamp.swift in Sources */ = {isa = PBXBuildFile; fileRef = 696D888F298FBB7A007B5A59 /* Stamp.swift */; };
		696D8892298FBC12007B5A59 /* MailAccount.swift in Sources */ = {isa = PBXBuildFile; fileRef = 696D8891298FBC12007B5A59 /* MailAccount.swift */; };
		6998BD3F29878B2E00C419C2 /* BStampApp.swift in Sources */ = {isa = PBXBuildFile; fileRef = 6998BD3E29878B2E00C419C2 /* BStampApp.swift */; };
		6998BD4329878B3000C419C2 /* Assets.xcassets in Resources */ = {isa = PBXBuildFile; fileRef = 6998BD4229878B3000C419C2 /* Assets.xcassets */; };
		6998BD4629878B3000C419C2 /* Preview Assets.xcassets in Resources */ = {isa = PBXBuildFile; fileRef = 6998BD4529878B3000C419C2 /* Preview Assets.xcassets */; };
		6998BD4829878B3000C419C2 /* Persistence.swift in Sources */ = {isa = PBXBuildFile; fileRef = 6998BD4729878B3000C419C2 /* Persistence.swift */; };
		6998BD4B29878B3000C419C2 /* BStamp.xcdatamodeld in Sources */ = {isa = PBXBuildFile; fileRef = 6998BD4929878B3000C419C2 /* BStamp.xcdatamodeld */; };
		69BFC5A02991FF4600FC285F /* Setting.swift in Sources */ = {isa = PBXBuildFile; fileRef = 69BFC59F2991FF4600FC285F /* Setting.swift */; };
		69BFC5A2299243C000FC285F /* NewEmailAccountView.swift in Sources */ = {isa = PBXBuildFile; fileRef = 69BFC5A1299243C000FC285F /* NewEmailAccountView.swift */; };
		69E81AFB298BB2B3006AE8CF /* NewWalletView.swift in Sources */ = {isa = PBXBuildFile; fileRef = 69E81AFA298BB2B3006AE8CF /* NewWalletView.swift */; };
		69ED179C298A7C6E00FB7998 /* SignIn.swift in Sources */ = {isa = PBXBuildFile; fileRef = 69ED179B298A7C6E00FB7998 /* SignIn.swift */; };
		69ED179E298A80B900FB7998 /* SdkDelegate.swift in Sources */ = {isa = PBXBuildFile; fileRef = 69ED179D298A80B900FB7998 /* SdkDelegate.swift */; };
		69ED17A1298A844800FB7998 /* Cartfile in Resources */ = {isa = PBXBuildFile; fileRef = 69ED17A0298A844700FB7998 /* Cartfile */; };
		69ED17A4298A84C800FB7998 /* stamp.a in Frameworks */ = {isa = PBXBuildFile; fileRef = 69ED17A3298A849E00FB7998 /* stamp.a */; };
/* End PBXBuildFile section */

/* Begin PBXCopyFilesBuildPhase section */
		694F67F3298D09C200868874 /* Embed Frameworks */ = {
			isa = PBXCopyFilesBuildPhase;
			buildActionMask = 2147483647;
			dstPath = "";
			dstSubfolderSpec = 10;
			files = (
				694F67F2298D09C200868874 /* SwiftyJSON.xcframework in Embed Frameworks */,
			);
			name = "Embed Frameworks";
			runOnlyForDeploymentPostprocessing = 0;
		};
/* End PBXCopyFilesBuildPhase section */

/* Begin PBXFileReference section */
		2B77E7C2298E0C760011CB0D /* consts.swift */ = {isa = PBXFileReference; lastKnownFileType = sourcecode.swift; path = consts.swift; sourceTree = "<group>"; };
		690EAA562995D984006DFB18 /* StampView.swift */ = {isa = PBXFileReference; lastKnownFileType = sourcecode.swift; path = StampView.swift; sourceTree = "<group>"; };
		690EAA582995E017006DFB18 /* StampDetailsView.swift */ = {isa = PBXFileReference; lastKnownFileType = sourcecode.swift; path = StampDetailsView.swift; sourceTree = "<group>"; };
		690EAA5A2995E0F3006DFB18 /* NewStampView.swift */ = {isa = PBXFileReference; lastKnownFileType = sourcecode.swift; path = NewStampView.swift; sourceTree = "<group>"; };
		690EAA5C2995E186006DFB18 /* WalletView.swift */ = {isa = PBXFileReference; lastKnownFileType = sourcecode.swift; path = WalletView.swift; sourceTree = "<group>"; };
		692A112C2998B62900587B55 /* SettingView.swift */ = {isa = PBXFileReference; lastKnownFileType = sourcecode.swift; path = SettingView.swift; sourceTree = "<group>"; };
		692A112E2998C8AA00587B55 /* ServerView.swift */ = {isa = PBXFileReference; lastKnownFileType = sourcecode.swift; path = ServerView.swift; sourceTree = "<group>"; };
		694F67EE298CE24900868874 /* Utils.swift */ = {isa = PBXFileReference; lastKnownFileType = sourcecode.swift; path = Utils.swift; sourceTree = "<group>"; };
		694F67F0298D09C200868874 /* SwiftyJSON.xcframework */ = {isa = PBXFileReference; lastKnownFileType = wrapper.xcframework; name = SwiftyJSON.xcframework; path = BStamp/Carthage/Build/SwiftyJSON.xcframework; sourceTree = "<group>"; };
		694F67F4298D224900868874 /* Wallet.swift */ = {isa = PBXFileReference; lastKnownFileType = sourcecode.swift; path = Wallet.swift; sourceTree = "<group>"; };
		695D25382993767300085157 /* EmailAccountView.swift */ = {isa = PBXFileReference; lastKnownFileType = sourcecode.swift; path = EmailAccountView.swift; sourceTree = "<group>"; };
		695D253A2993835D00085157 /* ModifyEmailAccountView.swift */ = {isa = PBXFileReference; lastKnownFileType = sourcecode.swift; path = ModifyEmailAccountView.swift; sourceTree = "<group>"; };
		695FCC832999B86C00A29E52 /* MainScene.swift */ = {isa = PBXFileReference; lastKnownFileType = sourcecode.swift; path = MainScene.swift; sourceTree = "<group>"; };
		695FCC852999E5E100A29E52 /* WalletManagerView.swift */ = {isa = PBXFileReference; lastKnownFileType = sourcecode.swift; path = WalletManagerView.swift; sourceTree = "<group>"; };
		696D888B298F900A007B5A59 /* ImportWalletView.swift */ = {isa = PBXFileReference; lastKnownFileType = sourcecode.swift; path = ImportWalletView.swift; sourceTree = "<group>"; };
		696D888D298FB5A6007B5A59 /* AdvanceScene.swift */ = {isa = PBXFileReference; lastKnownFileType = sourcecode.swift; path = AdvanceScene.swift; sourceTree = "<group>"; };
		696D888F298FBB7A007B5A59 /* Stamp.swift */ = {isa = PBXFileReference; lastKnownFileType = sourcecode.swift; path = Stamp.swift; sourceTree = "<group>"; };
		696D8891298FBC12007B5A59 /* MailAccount.swift */ = {isa = PBXFileReference; lastKnownFileType = sourcecode.swift; path = MailAccount.swift; sourceTree = "<group>"; };
		6998BD3B29878B2E00C419C2 /* StampWallet.app */ = {isa = PBXFileReference; explicitFileType = wrapper.application; includeInIndex = 0; path = StampWallet.app; sourceTree = BUILT_PRODUCTS_DIR; };
		6998BD3E29878B2E00C419C2 /* BStampApp.swift */ = {isa = PBXFileReference; lastKnownFileType = sourcecode.swift; path = BStampApp.swift; sourceTree = "<group>"; };
		6998BD4229878B3000C419C2 /* Assets.xcassets */ = {isa = PBXFileReference; lastKnownFileType = folder.assetcatalog; path = Assets.xcassets; sourceTree = "<group>"; };
		6998BD4529878B3000C419C2 /* Preview Assets.xcassets */ = {isa = PBXFileReference; lastKnownFileType = folder.assetcatalog; path = "Preview Assets.xcassets"; sourceTree = "<group>"; };
		6998BD4729878B3000C419C2 /* Persistence.swift */ = {isa = PBXFileReference; lastKnownFileType = sourcecode.swift; path = Persistence.swift; sourceTree = "<group>"; };
		6998BD4A29878B3000C419C2 /* BStamp.xcdatamodel */ = {isa = PBXFileReference; lastKnownFileType = wrapper.xcdatamodel; path = BStamp.xcdatamodel; sourceTree = "<group>"; };
		6998BD4C29878B3000C419C2 /* BStamp.entitlements */ = {isa = PBXFileReference; lastKnownFileType = text.plist.entitlements; path = BStamp.entitlements; sourceTree = "<group>"; };
		69BFC59F2991FF4600FC285F /* Setting.swift */ = {isa = PBXFileReference; lastKnownFileType = sourcecode.swift; path = Setting.swift; sourceTree = "<group>"; };
		69BFC5A1299243C000FC285F /* NewEmailAccountView.swift */ = {isa = PBXFileReference; lastKnownFileType = sourcecode.swift; path = NewEmailAccountView.swift; sourceTree = "<group>"; };
		69E81AFA298BB2B3006AE8CF /* NewWalletView.swift */ = {isa = PBXFileReference; lastKnownFileType = sourcecode.swift; path = NewWalletView.swift; sourceTree = "<group>"; };
		69ED179B298A7C6E00FB7998 /* SignIn.swift */ = {isa = PBXFileReference; lastKnownFileType = sourcecode.swift; path = SignIn.swift; sourceTree = "<group>"; };
		69ED179D298A80B900FB7998 /* SdkDelegate.swift */ = {isa = PBXFileReference; lastKnownFileType = sourcecode.swift; path = SdkDelegate.swift; sourceTree = "<group>"; };
		69ED179F298A825500FB7998 /* module.modulemap */ = {isa = PBXFileReference; fileEncoding = 4; lastKnownFileType = "sourcecode.module-map"; path = module.modulemap; sourceTree = "<group>"; };
		69ED17A0298A844700FB7998 /* Cartfile */ = {isa = PBXFileReference; fileEncoding = 4; lastKnownFileType = text; path = Cartfile; sourceTree = "<group>"; };
		69ED17A3298A849E00FB7998 /* stamp.a */ = {isa = PBXFileReference; lastKnownFileType = archive.ar; name = stamp.a; path = BStamp/stamp.a; sourceTree = "<group>"; };
/* End PBXFileReference section */

/* Begin PBXFrameworksBuildPhase section */
		6998BD3829878B2E00C419C2 /* Frameworks */ = {
			isa = PBXFrameworksBuildPhase;
			buildActionMask = 2147483647;
			files = (
				69ED17A4298A84C800FB7998 /* stamp.a in Frameworks */,
				694F67F1298D09C200868874 /* SwiftyJSON.xcframework in Frameworks */,
			);
			runOnlyForDeploymentPostprocessing = 0;
		};
/* End PBXFrameworksBuildPhase section */

/* Begin PBXGroup section */
		2B77E7C1298E07940011CB0D /* views */ = {
			isa = PBXGroup;
			children = (
				696D888D298FB5A6007B5A59 /* AdvanceScene.swift */,
				695FCC832999B86C00A29E52 /* MainScene.swift */,
				692A112E2998C8AA00587B55 /* ServerView.swift */,
				692A112C2998B62900587B55 /* SettingView.swift */,
				69BFC5A1299243C000FC285F /* NewEmailAccountView.swift */,
				695D253A2993835D00085157 /* ModifyEmailAccountView.swift */,
				695D25382993767300085157 /* EmailAccountView.swift */,
				69E81AFA298BB2B3006AE8CF /* NewWalletView.swift */,
				696D888B298F900A007B5A59 /* ImportWalletView.swift */,
				690EAA5C2995E186006DFB18 /* WalletView.swift */,
				690EAA562995D984006DFB18 /* StampView.swift */,
				690EAA582995E017006DFB18 /* StampDetailsView.swift */,
				690EAA5A2995E0F3006DFB18 /* NewStampView.swift */,
				69ED179B298A7C6E00FB7998 /* SignIn.swift */,
				695FCC852999E5E100A29E52 /* WalletManagerView.swift */,
			);
			path = views;
			sourceTree = "<group>";
		};
		694F67F6298D225200868874 /* objs */ = {
			isa = PBXGroup;
			children = (
				694F67F4298D224900868874 /* Wallet.swift */,
				696D888F298FBB7A007B5A59 /* Stamp.swift */,
				69BFC59F2991FF4600FC285F /* Setting.swift */,
				696D8891298FBC12007B5A59 /* MailAccount.swift */,
			);
			path = objs;
			sourceTree = "<group>";
		};
		6998BD3229878B2E00C419C2 = {
			isa = PBXGroup;
			children = (
				6998BD3D29878B2E00C419C2 /* BStamp */,
				6998BD3C29878B2E00C419C2 /* Products */,
				69ED17A2298A849E00FB7998 /* Frameworks */,
			);
			sourceTree = "<group>";
		};
		6998BD3C29878B2E00C419C2 /* Products */ = {
			isa = PBXGroup;
			children = (
				6998BD3B29878B2E00C419C2 /* StampWallet.app */,
			);
			name = Products;
			sourceTree = "<group>";
		};
		6998BD3D29878B2E00C419C2 /* BStamp */ = {
			isa = PBXGroup;
			children = (
				2B77E7C1298E07940011CB0D /* views */,
				694F67F6298D225200868874 /* objs */,
				69ED179F298A825500FB7998 /* module.modulemap */,
				69ED17A0298A844700FB7998 /* Cartfile */,
				6998BD3E29878B2E00C419C2 /* BStampApp.swift */,
				6998BD4229878B3000C419C2 /* Assets.xcassets */,
				6998BD4729878B3000C419C2 /* Persistence.swift */,
				6998BD4C29878B3000C419C2 /* BStamp.entitlements */,
				6998BD4929878B3000C419C2 /* BStamp.xcdatamodeld */,
				6998BD4429878B3000C419C2 /* Preview Content */,
				69ED179D298A80B900FB7998 /* SdkDelegate.swift */,
				2B77E7C2298E0C760011CB0D /* consts.swift */,
				694F67EE298CE24900868874 /* Utils.swift */,
			);
			path = BStamp;
			sourceTree = "<group>";
		};
		6998BD4429878B3000C419C2 /* Preview Content */ = {
			isa = PBXGroup;
			children = (
				6998BD4529878B3000C419C2 /* Preview Assets.xcassets */,
			);
			path = "Preview Content";
			sourceTree = "<group>";
		};
		69ED17A2298A849E00FB7998 /* Frameworks */ = {
			isa = PBXGroup;
			children = (
				694F67F0298D09C200868874 /* SwiftyJSON.xcframework */,
				69ED17A3298A849E00FB7998 /* stamp.a */,
			);
			name = Frameworks;
			sourceTree = "<group>";
		};
/* End PBXGroup section */

/* Begin PBXNativeTarget section */
		6998BD3A29878B2E00C419C2 /* BStamp */ = {
			isa = PBXNativeTarget;
			buildConfigurationList = 6998BD4F29878B3000C419C2 /* Build configuration list for PBXNativeTarget "BStamp" */;
			buildPhases = (
				6998BD3729878B2E00C419C2 /* Sources */,
				6998BD3829878B2E00C419C2 /* Frameworks */,
				6998BD3929878B2E00C419C2 /* Resources */,
				694F67F3298D09C200868874 /* Embed Frameworks */,
			);
			buildRules = (
			);
			dependencies = (
			);
			name = BStamp;
			productName = BStamp;
			productReference = 6998BD3B29878B2E00C419C2 /* StampWallet.app */;
			productType = "com.apple.product-type.application";
		};
/* End PBXNativeTarget section */

/* Begin PBXProject section */
		6998BD3329878B2E00C419C2 /* Project object */ = {
			isa = PBXProject;
			attributes = {
				BuildIndependentTargetsInParallel = 1;
				LastSwiftUpdateCheck = 1420;
				LastUpgradeCheck = 1420;
				TargetAttributes = {
					6998BD3A29878B2E00C419C2 = {
						CreatedOnToolsVersion = 14.2;
					};
				};
			};
			buildConfigurationList = 6998BD3629878B2E00C419C2 /* Build configuration list for PBXProject "BStamp" */;
			compatibilityVersion = "Xcode 14.0";
			developmentRegion = en;
			hasScannedForEncodings = 0;
			knownRegions = (
				en,
				Base,
			);
			mainGroup = 6998BD3229878B2E00C419C2;
			productRefGroup = 6998BD3C29878B2E00C419C2 /* Products */;
			projectDirPath = "";
			projectRoot = "";
			targets = (
				6998BD3A29878B2E00C419C2 /* BStamp */,
			);
		};
/* End PBXProject section */

/* Begin PBXResourcesBuildPhase section */
		6998BD3929878B2E00C419C2 /* Resources */ = {
			isa = PBXResourcesBuildPhase;
			buildActionMask = 2147483647;
			files = (
				69ED17A1298A844800FB7998 /* Cartfile in Resources */,
				6998BD4629878B3000C419C2 /* Preview Assets.xcassets in Resources */,
				6998BD4329878B3000C419C2 /* Assets.xcassets in Resources */,
			);
			runOnlyForDeploymentPostprocessing = 0;
		};
/* End PBXResourcesBuildPhase section */

/* Begin PBXSourcesBuildPhase section */
		6998BD3729878B2E00C419C2 /* Sources */ = {
			isa = PBXSourcesBuildPhase;
			buildActionMask = 2147483647;
			files = (
				6998BD4829878B3000C419C2 /* Persistence.swift in Sources */,
				690EAA572995D984006DFB18 /* StampView.swift in Sources */,
				69BFC5A2299243C000FC285F /* NewEmailAccountView.swift in Sources */,
				695D253B2993835D00085157 /* ModifyEmailAccountView.swift in Sources */,
				69ED179C298A7C6E00FB7998 /* SignIn.swift in Sources */,
				69ED179E298A80B900FB7998 /* SdkDelegate.swift in Sources */,
				696D888C298F900A007B5A59 /* ImportWalletView.swift in Sources */,
				69BFC5A02991FF4600FC285F /* Setting.swift in Sources */,
				69E81AFB298BB2B3006AE8CF /* NewWalletView.swift in Sources */,
				6998BD4B29878B3000C419C2 /* BStamp.xcdatamodeld in Sources */,
				695D25392993767300085157 /* EmailAccountView.swift in Sources */,
				690EAA5B2995E0F3006DFB18 /* NewStampView.swift in Sources */,
				694F67F5298D224900868874 /* Wallet.swift in Sources */,
				696D8890298FBB7A007B5A59 /* Stamp.swift in Sources */,
				2B77E7C3298E0C760011CB0D /* consts.swift in Sources */,
				696D8892298FBC12007B5A59 /* MailAccount.swift in Sources */,
				690EAA592995E017006DFB18 /* StampDetailsView.swift in Sources */,
				690EAA5D2995E186006DFB18 /* WalletView.swift in Sources */,
				692A112F2998C8AA00587B55 /* ServerView.swift in Sources */,
				695FCC862999E5E100A29E52 /* WalletManagerView.swift in Sources */,
				696D888E298FB5A6007B5A59 /* AdvanceScene.swift in Sources */,
				694F67EF298CE24900868874 /* Utils.swift in Sources */,
				695FCC842999B86C00A29E52 /* MainScene.swift in Sources */,
				6998BD3F29878B2E00C419C2 /* BStampApp.swift in Sources */,
				692A112D2998B62900587B55 /* SettingView.swift in Sources */,
			);
			runOnlyForDeploymentPostprocessing = 0;
		};
/* End PBXSourcesBuildPhase section */

/* Begin XCBuildConfiguration section */
		6998BD4D29878B3000C419C2 /* Debug */ = {
			isa = XCBuildConfiguration;
			buildSettings = {
				ALWAYS_SEARCH_USER_PATHS = NO;
				CLANG_ANALYZER_NONNULL = YES;
				CLANG_ANALYZER_NUMBER_OBJECT_CONVERSION = YES_AGGRESSIVE;
				CLANG_CXX_LANGUAGE_STANDARD = "gnu++20";
				CLANG_ENABLE_MODULES = YES;
				CLANG_ENABLE_OBJC_ARC = YES;
				CLANG_ENABLE_OBJC_WEAK = YES;
				CLANG_WARN_BLOCK_CAPTURE_AUTORELEASING = YES;
				CLANG_WARN_BOOL_CONVERSION = YES;
				CLANG_WARN_COMMA = YES;
				CLANG_WARN_CONSTANT_CONVERSION = YES;
				CLANG_WARN_DEPRECATED_OBJC_IMPLEMENTATIONS = YES;
				CLANG_WARN_DIRECT_OBJC_ISA_USAGE = YES_ERROR;
				CLANG_WARN_DOCUMENTATION_COMMENTS = YES;
				CLANG_WARN_EMPTY_BODY = YES;
				CLANG_WARN_ENUM_CONVERSION = YES;
				CLANG_WARN_INFINITE_RECURSION = YES;
				CLANG_WARN_INT_CONVERSION = YES;
				CLANG_WARN_NON_LITERAL_NULL_CONVERSION = YES;
				CLANG_WARN_OBJC_IMPLICIT_RETAIN_SELF = YES;
				CLANG_WARN_OBJC_LITERAL_CONVERSION = YES;
				CLANG_WARN_OBJC_ROOT_CLASS = YES_ERROR;
				CLANG_WARN_QUOTED_INCLUDE_IN_FRAMEWORK_HEADER = YES;
				CLANG_WARN_RANGE_LOOP_ANALYSIS = YES;
				CLANG_WARN_STRICT_PROTOTYPES = YES;
				CLANG_WARN_SUSPICIOUS_MOVE = YES;
				CLANG_WARN_UNGUARDED_AVAILABILITY = YES_AGGRESSIVE;
				CLANG_WARN_UNREACHABLE_CODE = YES;
				CLANG_WARN__DUPLICATE_METHOD_MATCH = YES;
				COPY_PHASE_STRIP = NO;
				DEBUG_INFORMATION_FORMAT = dwarf;
				ENABLE_STRICT_OBJC_MSGSEND = YES;
				ENABLE_TESTABILITY = YES;
				GCC_C_LANGUAGE_STANDARD = gnu11;
				GCC_DYNAMIC_NO_PIC = NO;
				GCC_NO_COMMON_BLOCKS = YES;
				GCC_OPTIMIZATION_LEVEL = 0;
				GCC_PREPROCESSOR_DEFINITIONS = (
					"DEBUG=1",
					"$(inherited)",
				);
				GCC_WARN_64_TO_32_BIT_CONVERSION = YES;
				GCC_WARN_ABOUT_RETURN_TYPE = YES_ERROR;
				GCC_WARN_UNDECLARED_SELECTOR = YES;
				GCC_WARN_UNINITIALIZED_AUTOS = YES_AGGRESSIVE;
				GCC_WARN_UNUSED_FUNCTION = YES;
				GCC_WARN_UNUSED_VARIABLE = YES;
				MACOSX_DEPLOYMENT_TARGET = 13.1;
				MTL_ENABLE_DEBUG_INFO = INCLUDE_SOURCE;
				MTL_FAST_MATH = YES;
				ONLY_ACTIVE_ARCH = YES;
				SDKROOT = macosx;
				SWIFT_ACTIVE_COMPILATION_CONDITIONS = DEBUG;
				SWIFT_OPTIMIZATION_LEVEL = "-Onone";
			};
			name = Debug;
		};
		6998BD4E29878B3000C419C2 /* Release */ = {
			isa = XCBuildConfiguration;
			buildSettings = {
				ALWAYS_SEARCH_USER_PATHS = NO;
				CLANG_ANALYZER_NONNULL = YES;
				CLANG_ANALYZER_NUMBER_OBJECT_CONVERSION = YES_AGGRESSIVE;
				CLANG_CXX_LANGUAGE_STANDARD = "gnu++20";
				CLANG_ENABLE_MODULES = YES;
				CLANG_ENABLE_OBJC_ARC = YES;
				CLANG_ENABLE_OBJC_WEAK = YES;
				CLANG_WARN_BLOCK_CAPTURE_AUTORELEASING = YES;
				CLANG_WARN_BOOL_CONVERSION = YES;
				CLANG_WARN_COMMA = YES;
				CLANG_WARN_CONSTANT_CONVERSION = YES;
				CLANG_WARN_DEPRECATED_OBJC_IMPLEMENTATIONS = YES;
				CLANG_WARN_DIRECT_OBJC_ISA_USAGE = YES_ERROR;
				CLANG_WARN_DOCUMENTATION_COMMENTS = YES;
				CLANG_WARN_EMPTY_BODY = YES;
				CLANG_WARN_ENUM_CONVERSION = YES;
				CLANG_WARN_INFINITE_RECURSION = YES;
				CLANG_WARN_INT_CONVERSION = YES;
				CLANG_WARN_NON_LITERAL_NULL_CONVERSION = YES;
				CLANG_WARN_OBJC_IMPLICIT_RETAIN_SELF = YES;
				CLANG_WARN_OBJC_LITERAL_CONVERSION = YES;
				CLANG_WARN_OBJC_ROOT_CLASS = YES_ERROR;
				CLANG_WARN_QUOTED_INCLUDE_IN_FRAMEWORK_HEADER = YES;
				CLANG_WARN_RANGE_LOOP_ANALYSIS = YES;
				CLANG_WARN_STRICT_PROTOTYPES = YES;
				CLANG_WARN_SUSPICIOUS_MOVE = YES;
				CLANG_WARN_UNGUARDED_AVAILABILITY = YES_AGGRESSIVE;
				CLANG_WARN_UNREACHABLE_CODE = YES;
				CLANG_WARN__DUPLICATE_METHOD_MATCH = YES;
				COPY_PHASE_STRIP = NO;
				DEBUG_INFORMATION_FORMAT = "dwarf-with-dsym";
				ENABLE_NS_ASSERTIONS = NO;
				ENABLE_STRICT_OBJC_MSGSEND = YES;
				GCC_C_LANGUAGE_STANDARD = gnu11;
				GCC_NO_COMMON_BLOCKS = YES;
				GCC_WARN_64_TO_32_BIT_CONVERSION = YES;
				GCC_WARN_ABOUT_RETURN_TYPE = YES_ERROR;
				GCC_WARN_UNDECLARED_SELECTOR = YES;
				GCC_WARN_UNINITIALIZED_AUTOS = YES_AGGRESSIVE;
				GCC_WARN_UNUSED_FUNCTION = YES;
				GCC_WARN_UNUSED_VARIABLE = YES;
				MACOSX_DEPLOYMENT_TARGET = 13.1;
				MTL_ENABLE_DEBUG_INFO = NO;
				MTL_FAST_MATH = YES;
				SDKROOT = macosx;
				SWIFT_COMPILATION_MODE = wholemodule;
				SWIFT_OPTIMIZATION_LEVEL = "-O";
			};
			name = Release;
		};
		6998BD5029878B3000C419C2 /* Debug */ = {
			isa = XCBuildConfiguration;
			buildSettings = {
				ASSETCATALOG_COMPILER_APPICON_NAME = AppIcon;
				ASSETCATALOG_COMPILER_GLOBAL_ACCENT_COLOR_NAME = AccentColor;
				CODE_SIGN_ENTITLEMENTS = BStamp/BStamp.entitlements;
				CODE_SIGN_STYLE = Automatic;
				COMBINE_HIDPI_IMAGES = YES;
				CURRENT_PROJECT_VERSION = 2;
				DEVELOPMENT_ASSET_PATHS = "\"BStamp/Preview Content\"";
				DEVELOPMENT_TEAM = 6A53CAFMZ9;
				ENABLE_HARDENED_RUNTIME = YES;
				ENABLE_PREVIEWS = YES;
				GENERATE_INFOPLIST_FILE = YES;
				INFOPLIST_KEY_CFBundleDisplayName = "Stamp Wallet";
				INFOPLIST_KEY_LSApplicationCategoryType = "public.app-category.utilities";
				INFOPLIST_KEY_NSHumanReadableCopyright = "";
				LD_RUNPATH_SEARCH_PATHS = (
					"$(inherited)",
					"@executable_path/../Frameworks",
				);
				LIBRARY_SEARCH_PATHS = (
					"$(inherited)",
					"$(PROJECT_DIR)/BStamp",
				);
				MARKETING_VERSION = 1.0;
				PRODUCT_BUNDLE_IDENTIFIER = com.simpleorg.bstamp.BStamp;
				PRODUCT_NAME = StampWallet;
				SWIFT_EMIT_LOC_STRINGS = YES;
				SWIFT_INCLUDE_PATHS = "${SRCROOT}";
				SWIFT_VERSION = 5.0;
			};
			name = Debug;
		};
		6998BD5129878B3000C419C2 /* Release */ = {
			isa = XCBuildConfiguration;
			buildSettings = {
				ASSETCATALOG_COMPILER_APPICON_NAME = AppIcon;
				ASSETCATALOG_COMPILER_GLOBAL_ACCENT_COLOR_NAME = AccentColor;
				CODE_SIGN_ENTITLEMENTS = BStamp/BStamp.entitlements;
				CODE_SIGN_STYLE = Automatic;
				COMBINE_HIDPI_IMAGES = YES;
				CURRENT_PROJECT_VERSION = 2;
				DEVELOPMENT_ASSET_PATHS = "\"BStamp/Preview Content\"";
				DEVELOPMENT_TEAM = 6A53CAFMZ9;
				ENABLE_HARDENED_RUNTIME = YES;
				ENABLE_PREVIEWS = YES;
				GENERATE_INFOPLIST_FILE = YES;
				INFOPLIST_KEY_CFBundleDisplayName = "Stamp Wallet";
				INFOPLIST_KEY_LSApplicationCategoryType = "public.app-category.utilities";
				INFOPLIST_KEY_NSHumanReadableCopyright = "";
				LD_RUNPATH_SEARCH_PATHS = (
					"$(inherited)",
					"@executable_path/../Frameworks",
				);
				LIBRARY_SEARCH_PATHS = (
					"$(inherited)",
					"$(PROJECT_DIR)/BStamp",
				);
				MARKETING_VERSION = 1.0;
				PRODUCT_BUNDLE_IDENTIFIER = com.simpleorg.bstamp.BStamp;
				PRODUCT_NAME = StampWallet;
				SWIFT_EMIT_LOC_STRINGS = YES;
				SWIFT_INCLUDE_PATHS = "${SRCROOT}";
				SWIFT_VERSION = 5.0;
			};
			name = Release;
		};
/* End XCBuildConfiguration section */

/* Begin XCConfigurationList section */
		6998BD3629878B2E00C419C2 /* Build configuration list for PBXProject "BStamp" */ = {
			isa = XCConfigurationList;
			buildConfigurations = (
				6998BD4D29878B3000C419C2 /* Debug */,
				6998BD4E29878B3000C419C2 /* Release */,
			);
			defaultConfigurationIsVisible = 0;
			defaultConfigurationName = Release;
		};
		6998BD4F29878B3000C419C2 /* Build configuration list for PBXNativeTarget "BStamp" */ = {
			isa = XCConfigurationList;
			buildConfigurations = (
				6998BD5029878B3000C419C2 /* Debug */,
				6998BD5129878B3000C419C2 /* Release */,
			);
			defaultConfigurationIsVisible = 0;
			defaultConfigurationName = Release;
		};
/* End XCConfigurationList section */

/* Begin XCVersionGroup section */
		6998BD4929878B3000C419C2 /* BStamp.xcdatamodeld */ = {
			isa = XCVersionGroup;
			children = (
				6998BD4A29878B3000C419C2 /* BStamp.xcdatamodel */,
			);
			currentVersion = 6998BD4A29878B3000C419C2 /* BStamp.xcdatamodel */;
			path = BStamp.xcdatamodeld;
			sourceTree = "<group>";
			versionGroupType = wrapper.xcdatamodel;
		};
/* End XCVersionGroup section */
	};
	rootObject = 6998BD3329878B2E00C419C2 /* Project object */;
}
