// !$*UTF8*$!
{
	archiveVersion = 1;
	classes = {
	};
	objectVersion = 56;
	objects = {

/* Begin PBXBuildFile section */
		6998BD3F29878B2E00C419C2 /* BStampApp.swift in Sources */ = {isa = PBXBuildFile; fileRef = 6998BD3E29878B2E00C419C2 /* BStampApp.swift */; };
		6998BD4129878B2E00C419C2 /* ContentView.swift in Sources */ = {isa = PBXBuildFile; fileRef = 6998BD4029878B2E00C419C2 /* ContentView.swift */; };
		6998BD4329878B3000C419C2 /* Assets.xcassets in Resources */ = {isa = PBXBuildFile; fileRef = 6998BD4229878B3000C419C2 /* Assets.xcassets */; };
		6998BD4629878B3000C419C2 /* Preview Assets.xcassets in Resources */ = {isa = PBXBuildFile; fileRef = 6998BD4529878B3000C419C2 /* Preview Assets.xcassets */; };
		6998BD4829878B3000C419C2 /* Persistence.swift in Sources */ = {isa = PBXBuildFile; fileRef = 6998BD4729878B3000C419C2 /* Persistence.swift */; };
		6998BD4B29878B3000C419C2 /* BStamp.xcdatamodeld in Sources */ = {isa = PBXBuildFile; fileRef = 6998BD4929878B3000C419C2 /* BStamp.xcdatamodeld */; };
		69E81AFB298BB2B3006AE8CF /* NewAccount.swift in Sources */ = {isa = PBXBuildFile; fileRef = 69E81AFA298BB2B3006AE8CF /* NewAccount.swift */; };
		69ED179C298A7C6E00FB7998 /* SignIn.swift in Sources */ = {isa = PBXBuildFile; fileRef = 69ED179B298A7C6E00FB7998 /* SignIn.swift */; };
		69ED179E298A80B900FB7998 /* SdkDelegate.swift in Sources */ = {isa = PBXBuildFile; fileRef = 69ED179D298A80B900FB7998 /* SdkDelegate.swift */; };
		69ED17A1298A844800FB7998 /* Cartfile in Resources */ = {isa = PBXBuildFile; fileRef = 69ED17A0298A844700FB7998 /* Cartfile */; };
		69ED17A4298A84C800FB7998 /* stamp.a in Frameworks */ = {isa = PBXBuildFile; fileRef = 69ED17A3298A849E00FB7998 /* stamp.a */; };
/* End PBXBuildFile section */

/* Begin PBXFileReference section */
		6998BD3B29878B2E00C419C2 /* BStamp.app */ = {isa = PBXFileReference; explicitFileType = wrapper.application; includeInIndex = 0; path = BStamp.app; sourceTree = BUILT_PRODUCTS_DIR; };
		6998BD3E29878B2E00C419C2 /* BStampApp.swift */ = {isa = PBXFileReference; lastKnownFileType = sourcecode.swift; path = BStampApp.swift; sourceTree = "<group>"; };
		6998BD4029878B2E00C419C2 /* ContentView.swift */ = {isa = PBXFileReference; lastKnownFileType = sourcecode.swift; path = ContentView.swift; sourceTree = "<group>"; };
		6998BD4229878B3000C419C2 /* Assets.xcassets */ = {isa = PBXFileReference; lastKnownFileType = folder.assetcatalog; path = Assets.xcassets; sourceTree = "<group>"; };
		6998BD4529878B3000C419C2 /* Preview Assets.xcassets */ = {isa = PBXFileReference; lastKnownFileType = folder.assetcatalog; path = "Preview Assets.xcassets"; sourceTree = "<group>"; };
		6998BD4729878B3000C419C2 /* Persistence.swift */ = {isa = PBXFileReference; lastKnownFileType = sourcecode.swift; path = Persistence.swift; sourceTree = "<group>"; };
		6998BD4A29878B3000C419C2 /* BStamp.xcdatamodel */ = {isa = PBXFileReference; lastKnownFileType = wrapper.xcdatamodel; path = BStamp.xcdatamodel; sourceTree = "<group>"; };
		6998BD4C29878B3000C419C2 /* BStamp.entitlements */ = {isa = PBXFileReference; lastKnownFileType = text.plist.entitlements; path = BStamp.entitlements; sourceTree = "<group>"; };
		69E81AFA298BB2B3006AE8CF /* NewAccount.swift */ = {isa = PBXFileReference; lastKnownFileType = sourcecode.swift; path = NewAccount.swift; sourceTree = "<group>"; };
		69ED179B298A7C6E00FB7998 /* SignIn.swift */ = {isa = PBXFileReference; lastKnownFileType = sourcecode.swift; path = SignIn.swift; sourceTree = "<group>"; };
		69ED179D298A80B900FB7998 /* SdkDelegate.swift */ = {isa = PBXFileReference; lastKnownFileType = sourcecode.swift; path = SdkDelegate.swift; sourceTree = "<group>"; };
		69ED179F298A825500FB7998 /* module.modulemap */ = {isa = PBXFileReference; fileEncoding = 4; lastKnownFileType = "sourcecode.module-map"; path = module.modulemap; sourceTree = "<group>"; };
		69ED17A0298A844700FB7998 /* Cartfile */ = {isa = PBXFileReference; fileEncoding = 4; lastKnownFileType = text; path = Cartfile; sourceTree = "<group>"; };
		69ED17A3298A849E00FB7998 /* stamp.a */ = {isa = PBXFileReference; lastKnownFileType = archive.ar; name = stamp.a; path = BStamp/stamp.a; sourceTree = "<group>"; };
/* End PBXFileReference section */

/* Begin PBXFrameworksBuildPhase section */
		6998BD3829878B2E00C419C2 /* Frameworks */ = {
			isa = PBXFrameworksBuildPhase;
			buildActionMask = 2147483647;
			files = (
				69ED17A4298A84C800FB7998 /* stamp.a in Frameworks */,
			);
			runOnlyForDeploymentPostprocessing = 0;
		};
/* End PBXFrameworksBuildPhase section */

/* Begin PBXGroup section */
		6998BD3229878B2E00C419C2 = {
			isa = PBXGroup;
			children = (
				6998BD3D29878B2E00C419C2 /* BStamp */,
				6998BD3C29878B2E00C419C2 /* Products */,
				69ED17A2298A849E00FB7998 /* Frameworks */,
			);
			sourceTree = "<group>";
		};
		6998BD3C29878B2E00C419C2 /* Products */ = {
			isa = PBXGroup;
			children = (
				6998BD3B29878B2E00C419C2 /* BStamp.app */,
			);
			name = Products;
			sourceTree = "<group>";
		};
		6998BD3D29878B2E00C419C2 /* BStamp */ = {
			isa = PBXGroup;
			children = (
				69ED179F298A825500FB7998 /* module.modulemap */,
				69ED17A0298A844700FB7998 /* Cartfile */,
				6998BD3E29878B2E00C419C2 /* BStampApp.swift */,
				6998BD4029878B2E00C419C2 /* ContentView.swift */,
				69E81AFA298BB2B3006AE8CF /* NewAccount.swift */,
				69ED179B298A7C6E00FB7998 /* SignIn.swift */,
				6998BD4229878B3000C419C2 /* Assets.xcassets */,
				6998BD4729878B3000C419C2 /* Persistence.swift */,
				6998BD4C29878B3000C419C2 /* BStamp.entitlements */,
				6998BD4929878B3000C419C2 /* BStamp.xcdatamodeld */,
				6998BD4429878B3000C419C2 /* Preview Content */,
				69ED179D298A80B900FB7998 /* SdkDelegate.swift */,
			);
			path = BStamp;
			sourceTree = "<group>";
		};
		6998BD4429878B3000C419C2 /* Preview Content */ = {
			isa = PBXGroup;
			children = (
				6998BD4529878B3000C419C2 /* Preview Assets.xcassets */,
			);
			path = "Preview Content";
			sourceTree = "<group>";
		};
		69ED17A2298A849E00FB7998 /* Frameworks */ = {
			isa = PBXGroup;
			children = (
				69ED17A3298A849E00FB7998 /* stamp.a */,
			);
			name = Frameworks;
			sourceTree = "<group>";
		};
/* End PBXGroup section */

/* Begin PBXNativeTarget section */
		6998BD3A29878B2E00C419C2 /* BStamp */ = {
			isa = PBXNativeTarget;
			buildConfigurationList = 6998BD4F29878B3000C419C2 /* Build configuration list for PBXNativeTarget "BStamp" */;
			buildPhases = (
				6998BD3729878B2E00C419C2 /* Sources */,
				6998BD3829878B2E00C419C2 /* Frameworks */,
				6998BD3929878B2E00C419C2 /* Resources */,
			);
			buildRules = (
			);
			dependencies = (
			);
			name = BStamp;
			productName = BStamp;
			productReference = 6998BD3B29878B2E00C419C2 /* BStamp.app */;
			productType = "com.apple.product-type.application";
		};
/* End PBXNativeTarget section */

/* Begin PBXProject section */
		6998BD3329878B2E00C419C2 /* Project object */ = {
			isa = PBXProject;
			attributes = {
				BuildIndependentTargetsInParallel = 1;
				LastSwiftUpdateCheck = 1420;
				LastUpgradeCheck = 1420;
				TargetAttributes = {
					6998BD3A29878B2E00C419C2 = {
						CreatedOnToolsVersion = 14.2;
					};
				};
			};
			buildConfigurationList = 6998BD3629878B2E00C419C2 /* Build configuration list for PBXProject "BStamp" */;
			compatibilityVersion = "Xcode 14.0";
			developmentRegion = en;
			hasScannedForEncodings = 0;
			knownRegions = (
				en,
				Base,
			);
			mainGroup = 6998BD3229878B2E00C419C2;
			productRefGroup = 6998BD3C29878B2E00C419C2 /* Products */;
			projectDirPath = "";
			projectRoot = "";
			targets = (
				6998BD3A29878B2E00C419C2 /* BStamp */,
			);
		};
/* End PBXProject section */

/* Begin PBXResourcesBuildPhase section */
		6998BD3929878B2E00C419C2 /* Resources */ = {
			isa = PBXResourcesBuildPhase;
			buildActionMask = 2147483647;
			files = (
				69ED17A1298A844800FB7998 /* Cartfile in Resources */,
				6998BD4629878B3000C419C2 /* Preview Assets.xcassets in Resources */,
				6998BD4329878B3000C419C2 /* Assets.xcassets in Resources */,
			);
			runOnlyForDeploymentPostprocessing = 0;
		};
/* End PBXResourcesBuildPhase section */

/* Begin PBXSourcesBuildPhase section */
		6998BD3729878B2E00C419C2 /* Sources */ = {
			isa = PBXSourcesBuildPhase;
			buildActionMask = 2147483647;
			files = (
				6998BD4829878B3000C419C2 /* Persistence.swift in Sources */,
				6998BD4129878B2E00C419C2 /* ContentView.swift in Sources */,
				69ED179C298A7C6E00FB7998 /* SignIn.swift in Sources */,
				69ED179E298A80B900FB7998 /* SdkDelegate.swift in Sources */,
				69E81AFB298BB2B3006AE8CF /* NewAccount.swift in Sources */,
				6998BD4B29878B3000C419C2 /* BStamp.xcdatamodeld in Sources */,
				6998BD3F29878B2E00C419C2 /* BStampApp.swift in Sources */,
			);
			runOnlyForDeploymentPostprocessing = 0;
		};
/* End PBXSourcesBuildPhase section */

/* Begin XCBuildConfiguration section */
		6998BD4D29878B3000C419C2 /* Debug */ = {
			isa = XCBuildConfiguration;
			buildSettings = {
				ALWAYS_SEARCH_USER_PATHS = NO;
				CLANG_ANALYZER_NONNULL = YES;
				CLANG_ANALYZER_NUMBER_OBJECT_CONVERSION = YES_AGGRESSIVE;
				CLANG_CXX_LANGUAGE_STANDARD = "gnu++20";
				CLANG_ENABLE_MODULES = YES;
				CLANG_ENABLE_OBJC_ARC = YES;
				CLANG_ENABLE_OBJC_WEAK = YES;
				CLANG_WARN_BLOCK_CAPTURE_AUTORELEASING = YES;
				CLANG_WARN_BOOL_CONVERSION = YES;
				CLANG_WARN_COMMA = YES;
				CLANG_WARN_CONSTANT_CONVERSION = YES;
				CLANG_WARN_DEPRECATED_OBJC_IMPLEMENTATIONS = YES;
				CLANG_WARN_DIRECT_OBJC_ISA_USAGE = YES_ERROR;
				CLANG_WARN_DOCUMENTATION_COMMENTS = YES;
				CLANG_WARN_EMPTY_BODY = YES;
				CLANG_WARN_ENUM_CONVERSION = YES;
				CLANG_WARN_INFINITE_RECURSION = YES;
				CLANG_WARN_INT_CONVERSION = YES;
				CLANG_WARN_NON_LITERAL_NULL_CONVERSION = YES;
				CLANG_WARN_OBJC_IMPLICIT_RETAIN_SELF = YES;
				CLANG_WARN_OBJC_LITERAL_CONVERSION = YES;
				CLANG_WARN_OBJC_ROOT_CLASS = YES_ERROR;
				CLANG_WARN_QUOTED_INCLUDE_IN_FRAMEWORK_HEADER = YES;
				CLANG_WARN_RANGE_LOOP_ANALYSIS = YES;
				CLANG_WARN_STRICT_PROTOTYPES = YES;
				CLANG_WARN_SUSPICIOUS_MOVE = YES;
				CLANG_WARN_UNGUARDED_AVAILABILITY = YES_AGGRESSIVE;
				CLANG_WARN_UNREACHABLE_CODE = YES;
				CLANG_WARN__DUPLICATE_METHOD_MATCH = YES;
				COPY_PHASE_STRIP = NO;
				DEBUG_INFORMATION_FORMAT = dwarf;
				ENABLE_STRICT_OBJC_MSGSEND = YES;
				ENABLE_TESTABILITY = YES;
				GCC_C_LANGUAGE_STANDARD = gnu11;
				GCC_DYNAMIC_NO_PIC = NO;
				GCC_NO_COMMON_BLOCKS = YES;
				GCC_OPTIMIZATION_LEVEL = 0;
				GCC_PREPROCESSOR_DEFINITIONS = (
					"DEBUG=1",
					"$(inherited)",
				);
				GCC_WARN_64_TO_32_BIT_CONVERSION = YES;
				GCC_WARN_ABOUT_RETURN_TYPE = YES_ERROR;
				GCC_WARN_UNDECLARED_SELECTOR = YES;
				GCC_WARN_UNINITIALIZED_AUTOS = YES_AGGRESSIVE;
				GCC_WARN_UNUSED_FUNCTION = YES;
				GCC_WARN_UNUSED_VARIABLE = YES;
				MACOSX_DEPLOYMENT_TARGET = 13.1;
				MTL_ENABLE_DEBUG_INFO = INCLUDE_SOURCE;
				MTL_FAST_MATH = YES;
				ONLY_ACTIVE_ARCH = YES;
				SDKROOT = macosx;
				SWIFT_ACTIVE_COMPILATION_CONDITIONS = DEBUG;
				SWIFT_OPTIMIZATION_LEVEL = "-Onone";
			};
			name = Debug;
		};
		6998BD4E29878B3000C419C2 /* Release */ = {
			isa = XCBuildConfiguration;
			buildSettings = {
				ALWAYS_SEARCH_USER_PATHS = NO;
				CLANG_ANALYZER_NONNULL = YES;
				CLANG_ANALYZER_NUMBER_OBJECT_CONVERSION = YES_AGGRESSIVE;
				CLANG_CXX_LANGUAGE_STANDARD = "gnu++20";
				CLANG_ENABLE_MODULES = YES;
				CLANG_ENABLE_OBJC_ARC = YES;
				CLANG_ENABLE_OBJC_WEAK = YES;
				CLANG_WARN_BLOCK_CAPTURE_AUTORELEASING = YES;
				CLANG_WARN_BOOL_CONVERSION = YES;
				CLANG_WARN_COMMA = YES;
				CLANG_WARN_CONSTANT_CONVERSION = YES;
				CLANG_WARN_DEPRECATED_OBJC_IMPLEMENTATIONS = YES;
				CLANG_WARN_DIRECT_OBJC_ISA_USAGE = YES_ERROR;
				CLANG_WARN_DOCUMENTATION_COMMENTS = YES;
				CLANG_WARN_EMPTY_BODY = YES;
				CLANG_WARN_ENUM_CONVERSION = YES;
				CLANG_WARN_INFINITE_RECURSION = YES;
				CLANG_WARN_INT_CONVERSION = YES;
				CLANG_WARN_NON_LITERAL_NULL_CONVERSION = YES;
				CLANG_WARN_OBJC_IMPLICIT_RETAIN_SELF = YES;
				CLANG_WARN_OBJC_LITERAL_CONVERSION = YES;
				CLANG_WARN_OBJC_ROOT_CLASS = YES_ERROR;
				CLANG_WARN_QUOTED_INCLUDE_IN_FRAMEWORK_HEADER = YES;
				CLANG_WARN_RANGE_LOOP_ANALYSIS = YES;
				CLANG_WARN_STRICT_PROTOTYPES = YES;
				CLANG_WARN_SUSPICIOUS_MOVE = YES;
				CLANG_WARN_UNGUARDED_AVAILABILITY = YES_AGGRESSIVE;
				CLANG_WARN_UNREACHABLE_CODE = YES;
				CLANG_WARN__DUPLICATE_METHOD_MATCH = YES;
				COPY_PHASE_STRIP = NO;
				DEBUG_INFORMATION_FORMAT = "dwarf-with-dsym";
				ENABLE_NS_ASSERTIONS = NO;
				ENABLE_STRICT_OBJC_MSGSEND = YES;
				GCC_C_LANGUAGE_STANDARD = gnu11;
				GCC_NO_COMMON_BLOCKS = YES;
				GCC_WARN_64_TO_32_BIT_CONVERSION = YES;
				GCC_WARN_ABOUT_RETURN_TYPE = YES_ERROR;
				GCC_WARN_UNDECLARED_SELECTOR = YES;
				GCC_WARN_UNINITIALIZED_AUTOS = YES_AGGRESSIVE;
				GCC_WARN_UNUSED_FUNCTION = YES;
				GCC_WARN_UNUSED_VARIABLE = YES;
				MACOSX_DEPLOYMENT_TARGET = 13.1;
				MTL_ENABLE_DEBUG_INFO = NO;
				MTL_FAST_MATH = YES;
				SDKROOT = macosx;
				SWIFT_COMPILATION_MODE = wholemodule;
				SWIFT_OPTIMIZATION_LEVEL = "-O";
			};
			name = Release;
		};
		6998BD5029878B3000C419C2 /* Debug */ = {
			isa = XCBuildConfiguration;
			buildSettings = {
				ASSETCATALOG_COMPILER_APPICON_NAME = AppIcon;
				ASSETCATALOG_COMPILER_GLOBAL_ACCENT_COLOR_NAME = AccentColor;
				CODE_SIGN_ENTITLEMENTS = BStamp/BStamp.entitlements;
				CODE_SIGN_STYLE = Automatic;
				COMBINE_HIDPI_IMAGES = YES;
				CURRENT_PROJECT_VERSION = 1;
				DEVELOPMENT_ASSET_PATHS = "\"BStamp/Preview Content\"";
				DEVELOPMENT_TEAM = 6A53CAFMZ9;
				ENABLE_HARDENED_RUNTIME = YES;
				ENABLE_PREVIEWS = YES;
				GENERATE_INFOPLIST_FILE = YES;
				INFOPLIST_KEY_NSHumanReadableCopyright = "";
				LD_RUNPATH_SEARCH_PATHS = (
					"$(inherited)",
					"@executable_path/../Frameworks",
				);
				LIBRARY_SEARCH_PATHS = (
					"$(inherited)",
					"$(PROJECT_DIR)/BStamp",
				);
				MARKETING_VERSION = 1.0;
				PRODUCT_BUNDLE_IDENTIFIER = com.simpleorg.bstamp.BStamp;
				PRODUCT_NAME = "$(TARGET_NAME)";
				SWIFT_EMIT_LOC_STRINGS = YES;
				SWIFT_INCLUDE_PATHS = "${SRCROOT}";
				SWIFT_VERSION = 5.0;
			};
			name = Debug;
		};
		6998BD5129878B3000C419C2 /* Release */ = {
			isa = XCBuildConfiguration;
			buildSettings = {
				ASSETCATALOG_COMPILER_APPICON_NAME = AppIcon;
				ASSETCATALOG_COMPILER_GLOBAL_ACCENT_COLOR_NAME = AccentColor;
				CODE_SIGN_ENTITLEMENTS = BStamp/BStamp.entitlements;
				CODE_SIGN_STYLE = Automatic;
				COMBINE_HIDPI_IMAGES = YES;
				CURRENT_PROJECT_VERSION = 1;
				DEVELOPMENT_ASSET_PATHS = "\"BStamp/Preview Content\"";
				DEVELOPMENT_TEAM = 6A53CAFMZ9;
				ENABLE_HARDENED_RUNTIME = YES;
				ENABLE_PREVIEWS = YES;
				GENERATE_INFOPLIST_FILE = YES;
				INFOPLIST_KEY_NSHumanReadableCopyright = "";
				LD_RUNPATH_SEARCH_PATHS = (
					"$(inherited)",
					"@executable_path/../Frameworks",
				);
				LIBRARY_SEARCH_PATHS = (
					"$(inherited)",
					"$(PROJECT_DIR)/BStamp",
				);
				MARKETING_VERSION = 1.0;
				PRODUCT_BUNDLE_IDENTIFIER = com.simpleorg.bstamp.BStamp;
				PRODUCT_NAME = "$(TARGET_NAME)";
				SWIFT_EMIT_LOC_STRINGS = YES;
				SWIFT_INCLUDE_PATHS = "${SRCROOT}";
				SWIFT_VERSION = 5.0;
			};
			name = Release;
		};
/* End XCBuildConfiguration section */

/* Begin XCConfigurationList section */
		6998BD3629878B2E00C419C2 /* Build configuration list for PBXProject "BStamp" */ = {
			isa = XCConfigurationList;
			buildConfigurations = (
				6998BD4D29878B3000C419C2 /* Debug */,
				6998BD4E29878B3000C419C2 /* Release */,
			);
			defaultConfigurationIsVisible = 0;
			defaultConfigurationName = Release;
		};
		6998BD4F29878B3000C419C2 /* Build configuration list for PBXNativeTarget "BStamp" */ = {
			isa = XCConfigurationList;
			buildConfigurations = (
				6998BD5029878B3000C419C2 /* Debug */,
				6998BD5129878B3000C419C2 /* Release */,
			);
			defaultConfigurationIsVisible = 0;
			defaultConfigurationName = Release;
		};
/* End XCConfigurationList section */

/* Begin XCVersionGroup section */
		6998BD4929878B3000C419C2 /* BStamp.xcdatamodeld */ = {
			isa = XCVersionGroup;
			children = (
				6998BD4A29878B3000C419C2 /* BStamp.xcdatamodel */,
			);
			currentVersion = 6998BD4A29878B3000C419C2 /* BStamp.xcdatamodel */;
			path = BStamp.xcdatamodeld;
			sourceTree = "<group>";
			versionGroupType = wrapper.xcdatamodel;
		};
/* End XCVersionGroup section */
	};
	rootObject = 6998BD3329878B2E00C419C2 /* Project object */;
}
